
Microsoft Visual Studio Solution File, Format Version 12.00
# Visual Studio Version 17
VisualStudioVersion = 17.11.35312.102
MinimumVisualStudioVersion = 10.0.40219.1
Project("{8BC9CEB8-8B4A-11D0-8D11-00A0C91BC942}") = "Lab_06p2", "Lab_06p2\Lab_06p2.vcxproj", "{DFE41004-E100-496C-BD1F-2449C4823232}"
EndProject
Global
	GlobalSection(SolutionConfigurationPlatforms) = preSolution
		Debug|x64 = Debug|x64
		Debug|x86 = Debug|x86
		Release|x64 = Release|x64
		Release|x86 = Release|x86
	EndGlobalSection
	GlobalSection(ProjectConfigurationPlatforms) = postSolution
		{DFE41004-E100-496C-BD1F-2449C4823232}.Debug|x64.ActiveCfg = Debug|x64
		{DFE41004-E100-496C-BD1F-2449C4823232}.Debug|x64.Build.0 = Debug|x64
		{DFE41004-E100-496C-BD1F-2449C4823232}.Debug|x86.ActiveCfg = Debug|Win32
		{DFE41004-E100-496C-BD1F-2449C4823232}.Debug|x86.Build.0 = Debug|Win32
		{DFE41004-E100-496C-BD1F-2449C4823232}.Release|x64.ActiveCfg = Release|x64
		{DFE41004-E100-496C-BD1F-2449C4823232}.Release|x64.Build.0 = Release|x64
		{DFE41004-E100-496C-BD1F-2449C4823232}.Release|x86.ActiveCfg = Release|Win32
		{DFE41004-E100-496C-BD1F-2449C4823232}.Release|x86.Build.0 = Release|Win32
	EndGlobalSection
	GlobalSection(SolutionProperties) = preSolution
		HideSolutionNode = FALSE
	EndGlobalSection
	GlobalSection(ExtensibilityGlobals) = postSolution
		SolutionGuid = {A2D518E3-725F-4097-9919-EAF02C9D4619}
	EndGlobalSection
EndGlobal
